
Microsoft Visual Studio Solution File, Format Version 12.00
# Visual Studio Version 17
VisualStudioVersion = 17.7.34202.233
MinimumVisualStudioVersion = 10.0.40219.1
Project("{FAE04EC0-301F-11D3-BF4B-00C04F79EFBC}") = "PatronProxy", "PatronProxy.csproj", "{9E77308E-2722-47C9-A76F-2C67D89A7646}"
EndProject
Global
	GlobalSection(SolutionConfigurationPlatforms) = preSolution
		Debug|Any CPU = Debug|Any CPU
		Release|Any CPU = Release|Any CPU
	EndGlobalSection
	GlobalSection(ProjectConfigurationPlatforms) = postSolution
		{9E77308E-2722-47C9-A76F-2C67D89A7646}.Debug|Any CPU.ActiveCfg = Debug|Any CPU
		{9E77308E-2722-47C9-A76F-2C67D89A7646}.Debug|Any CPU.Build.0 = Debug|Any CPU
		{9E77308E-2722-47C9-A76F-2C67D89A7646}.Release|Any CPU.ActiveCfg = Release|Any CPU
		{9E77308E-2722-47C9-A76F-2C67D89A7646}.Release|Any CPU.Build.0 = Release|Any CPU
	EndGlobalSection
	GlobalSection(SolutionProperties) = preSolution
		HideSolutionNode = FALSE
	EndGlobalSection
	GlobalSection(ExtensibilityGlobals) = postSolution
		SolutionGuid = {D8749DED-1017-4664-AC1D-A41DCBC0B9F8}
	EndGlobalSection
EndGlobal
